
Microsoft Visual Studio Solution File, Format Version 10.00
# Visual Studio 2008
Project("{D2ABAB84-BF74-430A-B69E-9DC6D40DDA17}") = "EOPS_DM", "EOPS_DM\EOPS_DM.dwproj", "{920D146D-EEDF-419B-A4DD-72FB470C8C26}"
EndProject
Global
	GlobalSection(SolutionConfigurationPlatforms) = preSolution
		Development|Default = Development|Default
	EndGlobalSection
	GlobalSection(ProjectConfigurationPlatforms) = postSolution
		{920D146D-EEDF-419B-A4DD-72FB470C8C26}.Development|Default.ActiveCfg = Development
		{920D146D-EEDF-419B-A4DD-72FB470C8C26}.Development|Default.Build.0 = Development
		{920D146D-EEDF-419B-A4DD-72FB470C8C26}.Development|Default.Deploy.0 = Development
	EndGlobalSection
	GlobalSection(SolutionProperties) = preSolution
		HideSolutionNode = FALSE
	EndGlobalSection
EndGlobal
